// !$*UTF8*$!
{
	archiveVersion = 1;
	classes = {
	};
	objectVersion = 56;
	objects = {

/* Begin PBXBuildFile section */
		05D60F7DF0B9CF25E8FFDD00 /* Pods_RickAndMorty.framework in Frameworks */ = {isa = PBXBuildFile; fileRef = 12D4798F6377D5C56655811F /* Pods_RickAndMorty.framework */; };
		0D410C2B2D14581E00AFC0FB /* RickAndMorty.xcdatamodeld in Sources */ = {isa = PBXBuildFile; fileRef = 0D410C292D14581E00AFC0FB /* RickAndMorty.xcdatamodeld */; };
		0D410C5C2D145A0600AFC0FB /* Persistence.swift in Sources */ = {isa = PBXBuildFile; fileRef = 0D410C5B2D145A0600AFC0FB /* Persistence.swift */; };
		0D44B2422D15A5A800EAADAE /* CachedAsyncImage in Frameworks */ = {isa = PBXBuildFile; productRef = 0D44B2412D15A5A800EAADAE /* CachedAsyncImage */; };
		0D4E16F72D1476B200E5439C /* EpisodeEntity+CoreDataClass.swift in Sources */ = {isa = PBXBuildFile; fileRef = 0D4E16F32D1476B200E5439C /* EpisodeEntity+CoreDataClass.swift */; };
		0D4E16F82D1476B200E5439C /* EpisodeEntity+CoreDataProperties.swift in Sources */ = {isa = PBXBuildFile; fileRef = 0D4E16F42D1476B200E5439C /* EpisodeEntity+CoreDataProperties.swift */; };
		0D4E16F92D1476B200E5439C /* CharacterEntity+CoreDataClass.swift in Sources */ = {isa = PBXBuildFile; fileRef = 0D4E16F52D1476B200E5439C /* CharacterEntity+CoreDataClass.swift */; };
		0D4E16FA2D1476B200E5439C /* CharacterEntity+CoreDataProperties.swift in Sources */ = {isa = PBXBuildFile; fileRef = 0D4E16F62D1476B200E5439C /* CharacterEntity+CoreDataProperties.swift */; };
		0D4E80272D10EC190085C289 /* AppColors.swift in Sources */ = {isa = PBXBuildFile; fileRef = 0D4E80262D10EC190085C289 /* AppColors.swift */; };
		0D4E80292D10F98B0085C289 /* CharacterSpecsView.swift in Sources */ = {isa = PBXBuildFile; fileRef = 0D4E80282D10F98B0085C289 /* CharacterSpecsView.swift */; };
		0D4E802D2D11B71E0085C289 /* APIService.swift in Sources */ = {isa = PBXBuildFile; fileRef = 0D4E802C2D11B71E0085C289 /* APIService.swift */; };
		0D4E802F2D11B7600085C289 /* CharacterResponse.swift in Sources */ = {isa = PBXBuildFile; fileRef = 0D4E802E2D11B7600085C289 /* CharacterResponse.swift */; };
		0D4E80312D11BCBB0085C289 /* MockData.swift in Sources */ = {isa = PBXBuildFile; fileRef = 0D4E80302D11BCBB0085C289 /* MockData.swift */; };
		0D4E80332D11C70E0085C289 /* CharacterError.swift in Sources */ = {isa = PBXBuildFile; fileRef = 0D4E80322D11C70E0085C289 /* CharacterError.swift */; };
		0D4E80372D11EFB70085C289 /* EpisodeRowView.swift in Sources */ = {isa = PBXBuildFile; fileRef = 0D4E80362D11EFB70085C289 /* EpisodeRowView.swift */; };
		0D4E80392D120F290085C289 /* CharacterListView.swift in Sources */ = {isa = PBXBuildFile; fileRef = 0D4E80382D120F290085C289 /* CharacterListView.swift */; };
		0D6FA4C72D10717100A5A263 /* RickAndMortyApp.swift in Sources */ = {isa = PBXBuildFile; fileRef = 0D6FA4C62D10717100A5A263 /* RickAndMortyApp.swift */; };
		0D6FA4CB2D10717200A5A263 /* Assets.xcassets in Resources */ = {isa = PBXBuildFile; fileRef = 0D6FA4CA2D10717200A5A263 /* Assets.xcassets */; };
		0D6FA4CE2D10717200A5A263 /* Preview Assets.xcassets in Resources */ = {isa = PBXBuildFile; fileRef = 0D6FA4CD2D10717200A5A263 /* Preview Assets.xcassets */; };
		0D6FA4D92D10CAE000A5A263 /* Character.swift in Sources */ = {isa = PBXBuildFile; fileRef = 0D6FA4D82D10CAE000A5A263 /* Character.swift */; };
		0D6FA4DD2D10CB1A00A5A263 /* CharacterDetailView.swift in Sources */ = {isa = PBXBuildFile; fileRef = 0D6FA4DC2D10CB1A00A5A263 /* CharacterDetailView.swift */; };
		0D6FA4DF2D10CB2700A5A263 /* HomeView.swift in Sources */ = {isa = PBXBuildFile; fileRef = 0D6FA4DE2D10CB2700A5A263 /* HomeView.swift */; };
		0D6FA4E12D10CB3600A5A263 /* CharacterViewModel.swift in Sources */ = {isa = PBXBuildFile; fileRef = 0D6FA4E02D10CB3600A5A263 /* CharacterViewModel.swift */; };
		0D9F74B02D14563000B9C0B8 /* CoreData.framework in Frameworks */ = {isa = PBXBuildFile; fileRef = 0D9F74652D1385AE00B9C0B8 /* CoreData.framework */; };
		0DDCAD962D10DEAF000415E9 /* Episode.swift in Sources */ = {isa = PBXBuildFile; fileRef = 0DDCAD952D10DEAF000415E9 /* Episode.swift */; };
/* End PBXBuildFile section */

/* Begin PBXFileReference section */
		0D410C2A2D14581E00AFC0FB /* RickAndMorty.xcdatamodel */ = {isa = PBXFileReference; lastKnownFileType = wrapper.xcdatamodel; path = RickAndMorty.xcdatamodel; sourceTree = "<group>"; };
		0D410C5B2D145A0600AFC0FB /* Persistence.swift */ = {isa = PBXFileReference; lastKnownFileType = sourcecode.swift; path = Persistence.swift; sourceTree = "<group>"; };
		0D4E16F32D1476B200E5439C /* EpisodeEntity+CoreDataClass.swift */ = {isa = PBXFileReference; lastKnownFileType = sourcecode.swift; path = "EpisodeEntity+CoreDataClass.swift"; sourceTree = SOURCE_ROOT; };
		0D4E16F42D1476B200E5439C /* EpisodeEntity+CoreDataProperties.swift */ = {isa = PBXFileReference; lastKnownFileType = sourcecode.swift; path = "EpisodeEntity+CoreDataProperties.swift"; sourceTree = SOURCE_ROOT; };
		0D4E16F52D1476B200E5439C /* CharacterEntity+CoreDataClass.swift */ = {isa = PBXFileReference; lastKnownFileType = sourcecode.swift; path = "CharacterEntity+CoreDataClass.swift"; sourceTree = SOURCE_ROOT; };
		0D4E16F62D1476B200E5439C /* CharacterEntity+CoreDataProperties.swift */ = {isa = PBXFileReference; lastKnownFileType = sourcecode.swift; path = "CharacterEntity+CoreDataProperties.swift"; sourceTree = SOURCE_ROOT; };
		0D4E80262D10EC190085C289 /* AppColors.swift */ = {isa = PBXFileReference; lastKnownFileType = sourcecode.swift; path = AppColors.swift; sourceTree = "<group>"; };
		0D4E80282D10F98B0085C289 /* CharacterSpecsView.swift */ = {isa = PBXFileReference; lastKnownFileType = sourcecode.swift; path = CharacterSpecsView.swift; sourceTree = "<group>"; };
		0D4E802C2D11B71E0085C289 /* APIService.swift */ = {isa = PBXFileReference; lastKnownFileType = sourcecode.swift; path = APIService.swift; sourceTree = "<group>"; };
		0D4E802E2D11B7600085C289 /* CharacterResponse.swift */ = {isa = PBXFileReference; lastKnownFileType = sourcecode.swift; path = CharacterResponse.swift; sourceTree = "<group>"; };
		0D4E80302D11BCBB0085C289 /* MockData.swift */ = {isa = PBXFileReference; lastKnownFileType = sourcecode.swift; path = MockData.swift; sourceTree = "<group>"; };
		0D4E80322D11C70E0085C289 /* CharacterError.swift */ = {isa = PBXFileReference; lastKnownFileType = sourcecode.swift; path = CharacterError.swift; sourceTree = "<group>"; };
		0D4E80362D11EFB70085C289 /* EpisodeRowView.swift */ = {isa = PBXFileReference; lastKnownFileType = sourcecode.swift; path = EpisodeRowView.swift; sourceTree = "<group>"; };
		0D4E80382D120F290085C289 /* CharacterListView.swift */ = {isa = PBXFileReference; lastKnownFileType = sourcecode.swift; path = CharacterListView.swift; sourceTree = "<group>"; };
		0D6FA4C32D10717100A5A263 /* RickAndMorty.app */ = {isa = PBXFileReference; explicitFileType = wrapper.application; includeInIndex = 0; path = RickAndMorty.app; sourceTree = BUILT_PRODUCTS_DIR; };
		0D6FA4C62D10717100A5A263 /* RickAndMortyApp.swift */ = {isa = PBXFileReference; lastKnownFileType = sourcecode.swift; path = RickAndMortyApp.swift; sourceTree = "<group>"; };
		0D6FA4CA2D10717200A5A263 /* Assets.xcassets */ = {isa = PBXFileReference; lastKnownFileType = folder.assetcatalog; path = Assets.xcassets; sourceTree = "<group>"; };
		0D6FA4CD2D10717200A5A263 /* Preview Assets.xcassets */ = {isa = PBXFileReference; lastKnownFileType = folder.assetcatalog; path = "Preview Assets.xcassets"; sourceTree = "<group>"; };
		0D6FA4D82D10CAE000A5A263 /* Character.swift */ = {isa = PBXFileReference; lastKnownFileType = sourcecode.swift; path = Character.swift; sourceTree = "<group>"; };
		0D6FA4DC2D10CB1A00A5A263 /* CharacterDetailView.swift */ = {isa = PBXFileReference; lastKnownFileType = sourcecode.swift; path = CharacterDetailView.swift; sourceTree = "<group>"; };
		0D6FA4DE2D10CB2700A5A263 /* HomeView.swift */ = {isa = PBXFileReference; lastKnownFileType = sourcecode.swift; path = HomeView.swift; sourceTree = "<group>"; };
		0D6FA4E02D10CB3600A5A263 /* CharacterViewModel.swift */ = {isa = PBXFileReference; lastKnownFileType = sourcecode.swift; path = CharacterViewModel.swift; sourceTree = "<group>"; };
		0D9F74652D1385AE00B9C0B8 /* CoreData.framework */ = {isa = PBXFileReference; lastKnownFileType = wrapper.framework; name = CoreData.framework; path = System/Library/Frameworks/CoreData.framework; sourceTree = SDKROOT; };
		0DDCAD952D10DEAF000415E9 /* Episode.swift */ = {isa = PBXFileReference; lastKnownFileType = sourcecode.swift; path = Episode.swift; sourceTree = "<group>"; };
		12D4798F6377D5C56655811F /* Pods_RickAndMorty.framework */ = {isa = PBXFileReference; explicitFileType = wrapper.framework; includeInIndex = 0; path = Pods_RickAndMorty.framework; sourceTree = BUILT_PRODUCTS_DIR; };
		148CCF055F619E43DC031FF9 /* Pods-RickAndMorty.debug.xcconfig */ = {isa = PBXFileReference; includeInIndex = 1; lastKnownFileType = text.xcconfig; name = "Pods-RickAndMorty.debug.xcconfig"; path = "Target Support Files/Pods-RickAndMorty/Pods-RickAndMorty.debug.xcconfig"; sourceTree = "<group>"; };
		8B8D3F5394CC2E2C6ADD3A68 /* Pods-RickAndMorty.release.xcconfig */ = {isa = PBXFileReference; includeInIndex = 1; lastKnownFileType = text.xcconfig; name = "Pods-RickAndMorty.release.xcconfig"; path = "Target Support Files/Pods-RickAndMorty/Pods-RickAndMorty.release.xcconfig"; sourceTree = "<group>"; };
/* End PBXFileReference section */

/* Begin PBXFrameworksBuildPhase section */
		0D6FA4C02D10717100A5A263 /* Frameworks */ = {
			isa = PBXFrameworksBuildPhase;
			buildActionMask = 2147483647;
			files = (
				0D44B2422D15A5A800EAADAE /* CachedAsyncImage in Frameworks */,
				05D60F7DF0B9CF25E8FFDD00 /* Pods_RickAndMorty.framework in Frameworks */,
				0D9F74B02D14563000B9C0B8 /* CoreData.framework in Frameworks */,
			);
			runOnlyForDeploymentPostprocessing = 0;
		};
/* End PBXFrameworksBuildPhase section */

/* Begin PBXGroup section */
		0D410C5D2D145C2A00AFC0FB /* Home */ = {
			isa = PBXGroup;
			children = (
				0D6FA4DE2D10CB2700A5A263 /* HomeView.swift */,
				0D4E80382D120F290085C289 /* CharacterListView.swift */,
			);
			path = Home;
			sourceTree = "<group>";
		};
		0D410C692D145F6600AFC0FB /* CoreData */ = {
			isa = PBXGroup;
			children = (
				0D4E16F32D1476B200E5439C /* EpisodeEntity+CoreDataClass.swift */,
				0D4E16F42D1476B200E5439C /* EpisodeEntity+CoreDataProperties.swift */,
				0D4E16F52D1476B200E5439C /* CharacterEntity+CoreDataClass.swift */,
				0D4E16F62D1476B200E5439C /* CharacterEntity+CoreDataProperties.swift */,
			);
			path = CoreData;
			sourceTree = "<group>";
		};
		0D4E80252D10EBD70085C289 /* Resources */ = {
			isa = PBXGroup;
			children = (
				0D6FA4CA2D10717200A5A263 /* Assets.xcassets */,
				0D4E80262D10EC190085C289 /* AppColors.swift */,
			);
			path = Resources;
			sourceTree = "<group>";
		};
		0D4E802A2D11B6C20085C289 /* CharacterDetail */ = {
			isa = PBXGroup;
			children = (
				0D6FA4DC2D10CB1A00A5A263 /* CharacterDetailView.swift */,
				0D4E80282D10F98B0085C289 /* CharacterSpecsView.swift */,
				0D4E80362D11EFB70085C289 /* EpisodeRowView.swift */,
			);
			path = CharacterDetail;
			sourceTree = "<group>";
		};
		0D6FA4BA2D10717100A5A263 = {
			isa = PBXGroup;
			children = (
				0D6FA4C52D10717100A5A263 /* RickAndMorty */,
				0D6FA4C42D10717100A5A263 /* Products */,
				A7C195DDE8955964E562F8D3 /* Pods */,
				4C18274CD00E6215C4F1BDE6 /* Frameworks */,
			);
			sourceTree = "<group>";
		};
		0D6FA4C42D10717100A5A263 /* Products */ = {
			isa = PBXGroup;
			children = (
				0D6FA4C32D10717100A5A263 /* RickAndMorty.app */,
			);
			name = Products;
			sourceTree = "<group>";
		};
		0D6FA4C52D10717100A5A263 /* RickAndMorty */ = {
			isa = PBXGroup;
			children = (
				0D6FA4C62D10717100A5A263 /* RickAndMortyApp.swift */,
				0D4E80252D10EBD70085C289 /* Resources */,
				0D6FA4D72D10CAD300A5A263 /* Views */,
				0D6FA4D52D10CABF00A5A263 /* ViewModels */,
				0D6FA4D42D10CABA00A5A263 /* Models */,
				0D6FA4CC2D10717200A5A263 /* Preview Content */,
			);
			path = RickAndMorty;
			sourceTree = "<group>";
		};
		0D6FA4CC2D10717200A5A263 /* Preview Content */ = {
			isa = PBXGroup;
			children = (
				0D6FA4CD2D10717200A5A263 /* Preview Assets.xcassets */,
			);
			path = "Preview Content";
			sourceTree = "<group>";
		};
		0D6FA4D42D10CABA00A5A263 /* Models */ = {
			isa = PBXGroup;
			children = (
				0D410C692D145F6600AFC0FB /* CoreData */,
				0D4E802C2D11B71E0085C289 /* APIService.swift */,
				0D410C5B2D145A0600AFC0FB /* Persistence.swift */,
				0D9F74672D13863B00B9C0B8 /* NetworkObjects */,
				0D4E80302D11BCBB0085C289 /* MockData.swift */,
				0D410C292D14581E00AFC0FB /* RickAndMorty.xcdatamodeld */,
			);
			path = Models;
			sourceTree = "<group>";
		};
		0D6FA4D52D10CABF00A5A263 /* ViewModels */ = {
			isa = PBXGroup;
			children = (
				0D6FA4E02D10CB3600A5A263 /* CharacterViewModel.swift */,
			);
			path = ViewModels;
			sourceTree = "<group>";
		};
		0D6FA4D72D10CAD300A5A263 /* Views */ = {
			isa = PBXGroup;
			children = (
				0D410C5D2D145C2A00AFC0FB /* Home */,
				0D4E802A2D11B6C20085C289 /* CharacterDetail */,
			);
			path = Views;
			sourceTree = "<group>";
		};
		0D9F74672D13863B00B9C0B8 /* NetworkObjects */ = {
			isa = PBXGroup;
			children = (
				0D6FA4D82D10CAE000A5A263 /* Character.swift */,
				0DDCAD952D10DEAF000415E9 /* Episode.swift */,
				0D4E802E2D11B7600085C289 /* CharacterResponse.swift */,
				0D4E80322D11C70E0085C289 /* CharacterError.swift */,
			);
			path = NetworkObjects;
			sourceTree = "<group>";
		};
		4C18274CD00E6215C4F1BDE6 /* Frameworks */ = {
			isa = PBXGroup;
			children = (
				0D9F74652D1385AE00B9C0B8 /* CoreData.framework */,
				12D4798F6377D5C56655811F /* Pods_RickAndMorty.framework */,
			);
			name = Frameworks;
			sourceTree = "<group>";
		};
		A7C195DDE8955964E562F8D3 /* Pods */ = {
			isa = PBXGroup;
			children = (
				148CCF055F619E43DC031FF9 /* Pods-RickAndMorty.debug.xcconfig */,
				8B8D3F5394CC2E2C6ADD3A68 /* Pods-RickAndMorty.release.xcconfig */,
			);
			path = Pods;
			sourceTree = "<group>";
		};
/* End PBXGroup section */

/* Begin PBXNativeTarget section */
		0D6FA4C22D10717100A5A263 /* RickAndMorty */ = {
			isa = PBXNativeTarget;
			buildConfigurationList = 0D6FA4D12D10717200A5A263 /* Build configuration list for PBXNativeTarget "RickAndMorty" */;
			buildPhases = (
				15D41E7D5C7B6AA8C7A7C067 /* [CP] Check Pods Manifest.lock */,
				0D6FA4BF2D10717100A5A263 /* Sources */,
				0D6FA4C02D10717100A5A263 /* Frameworks */,
				0D6FA4C12D10717100A5A263 /* Resources */,
			);
			buildRules = (
			);
			dependencies = (
			);
			name = RickAndMorty;
			packageProductDependencies = (
				0D44B2412D15A5A800EAADAE /* CachedAsyncImage */,
			);
			productName = RickAndMorty;
			productReference = 0D6FA4C32D10717100A5A263 /* RickAndMorty.app */;
			productType = "com.apple.product-type.application";
		};
/* End PBXNativeTarget section */

/* Begin PBXProject section */
		0D6FA4BB2D10717100A5A263 /* Project object */ = {
			isa = PBXProject;
			attributes = {
				BuildIndependentTargetsInParallel = 1;
				LastSwiftUpdateCheck = 1530;
				LastUpgradeCheck = 1530;
				TargetAttributes = {
					0D6FA4C22D10717100A5A263 = {
						CreatedOnToolsVersion = 15.3;
					};
				};
			};
			buildConfigurationList = 0D6FA4BE2D10717100A5A263 /* Build configuration list for PBXProject "RickAndMorty" */;
			compatibilityVersion = "Xcode 14.0";
			developmentRegion = en;
			hasScannedForEncodings = 0;
			knownRegions = (
				en,
				Base,
			);
			mainGroup = 0D6FA4BA2D10717100A5A263;
			packageReferences = (
				0D44B2402D15A5A800EAADAE /* XCRemoteSwiftPackageReference "swiftui-cached-async-image" */,
			);
			productRefGroup = 0D6FA4C42D10717100A5A263 /* Products */;
			projectDirPath = "";
			projectRoot = "";
			targets = (
				0D6FA4C22D10717100A5A263 /* RickAndMorty */,
			);
		};
/* End PBXProject section */

/* Begin PBXResourcesBuildPhase section */
		0D6FA4C12D10717100A5A263 /* Resources */ = {
			isa = PBXResourcesBuildPhase;
			buildActionMask = 2147483647;
			files = (
				0D6FA4CE2D10717200A5A263 /* Preview Assets.xcassets in Resources */,
				0D6FA4CB2D10717200A5A263 /* Assets.xcassets in Resources */,
			);
			runOnlyForDeploymentPostprocessing = 0;
		};
/* End PBXResourcesBuildPhase section */

/* Begin PBXShellScriptBuildPhase section */
		15D41E7D5C7B6AA8C7A7C067 /* [CP] Check Pods Manifest.lock */ = {
			isa = PBXShellScriptBuildPhase;
			buildActionMask = 2147483647;
			files = (
			);
			inputFileListPaths = (
			);
			inputPaths = (
				"${PODS_PODFILE_DIR_PATH}/Podfile.lock",
				"${PODS_ROOT}/Manifest.lock",
			);
			name = "[CP] Check Pods Manifest.lock";
			outputFileListPaths = (
			);
			outputPaths = (
				"$(DERIVED_FILE_DIR)/Pods-RickAndMorty-checkManifestLockResult.txt",
			);
			runOnlyForDeploymentPostprocessing = 0;
			shellPath = /bin/sh;
			shellScript = "diff \"${PODS_PODFILE_DIR_PATH}/Podfile.lock\" \"${PODS_ROOT}/Manifest.lock\" > /dev/null\nif [ $? != 0 ] ; then\n    # print error to STDERR\n    echo \"error: The sandbox is not in sync with the Podfile.lock. Run 'pod install' or update your CocoaPods installation.\" >&2\n    exit 1\nfi\n# This output is used by Xcode 'outputs' to avoid re-running this script phase.\necho \"SUCCESS\" > \"${SCRIPT_OUTPUT_FILE_0}\"\n";
			showEnvVarsInLog = 0;
		};
/* End PBXShellScriptBuildPhase section */

/* Begin PBXSourcesBuildPhase section */
		0D6FA4BF2D10717100A5A263 /* Sources */ = {
			isa = PBXSourcesBuildPhase;
			buildActionMask = 2147483647;
			files = (
				0D4E16F72D1476B200E5439C /* EpisodeEntity+CoreDataClass.swift in Sources */,
				0D4E16F82D1476B200E5439C /* EpisodeEntity+CoreDataProperties.swift in Sources */,
				0D4E16F92D1476B200E5439C /* CharacterEntity+CoreDataClass.swift in Sources */,
				0D4E16FA2D1476B200E5439C /* CharacterEntity+CoreDataProperties.swift in Sources */,
				0D410C5C2D145A0600AFC0FB /* Persistence.swift in Sources */,
				0D6FA4DD2D10CB1A00A5A263 /* CharacterDetailView.swift in Sources */,
				0D4E80292D10F98B0085C289 /* CharacterSpecsView.swift in Sources */,
				0D4E80332D11C70E0085C289 /* CharacterError.swift in Sources */,
				0D4E80392D120F290085C289 /* CharacterListView.swift in Sources */,
				0D4E802F2D11B7600085C289 /* CharacterResponse.swift in Sources */,
				0DDCAD962D10DEAF000415E9 /* Episode.swift in Sources */,
				0D6FA4D92D10CAE000A5A263 /* Character.swift in Sources */,
				0D4E80372D11EFB70085C289 /* EpisodeRowView.swift in Sources */,
				0D410C2B2D14581E00AFC0FB /* RickAndMorty.xcdatamodeld in Sources */,
				0D6FA4DF2D10CB2700A5A263 /* HomeView.swift in Sources */,
				0D4E80272D10EC190085C289 /* AppColors.swift in Sources */,
				0D6FA4E12D10CB3600A5A263 /* CharacterViewModel.swift in Sources */,
				0D4E802D2D11B71E0085C289 /* APIService.swift in Sources */,
				0D4E80312D11BCBB0085C289 /* MockData.swift in Sources */,
				0D6FA4C72D10717100A5A263 /* RickAndMortyApp.swift in Sources */,
			);
			runOnlyForDeploymentPostprocessing = 0;
		};
/* End PBXSourcesBuildPhase section */

/* Begin XCBuildConfiguration section */
		0D6FA4CF2D10717200A5A263 /* Debug */ = {
			isa = XCBuildConfiguration;
			buildSettings = {
				ALWAYS_SEARCH_USER_PATHS = NO;
				ASSETCATALOG_COMPILER_GENERATE_SWIFT_ASSET_SYMBOL_EXTENSIONS = YES;
				CLANG_ANALYZER_NONNULL = YES;
				CLANG_ANALYZER_NUMBER_OBJECT_CONVERSION = YES_AGGRESSIVE;
				CLANG_CXX_LANGUAGE_STANDARD = "gnu++20";
				CLANG_ENABLE_MODULES = YES;
				CLANG_ENABLE_OBJC_ARC = YES;
				CLANG_ENABLE_OBJC_WEAK = YES;
				CLANG_WARN_BLOCK_CAPTURE_AUTORELEASING = YES;
				CLANG_WARN_BOOL_CONVERSION = YES;
				CLANG_WARN_COMMA = YES;
				CLANG_WARN_CONSTANT_CONVERSION = YES;
				CLANG_WARN_DEPRECATED_OBJC_IMPLEMENTATIONS = YES;
				CLANG_WARN_DIRECT_OBJC_ISA_USAGE = YES_ERROR;
				CLANG_WARN_DOCUMENTATION_COMMENTS = YES;
				CLANG_WARN_EMPTY_BODY = YES;
				CLANG_WARN_ENUM_CONVERSION = YES;
				CLANG_WARN_INFINITE_RECURSION = YES;
				CLANG_WARN_INT_CONVERSION = YES;
				CLANG_WARN_NON_LITERAL_NULL_CONVERSION = YES;
				CLANG_WARN_OBJC_IMPLICIT_RETAIN_SELF = YES;
				CLANG_WARN_OBJC_LITERAL_CONVERSION = YES;
				CLANG_WARN_OBJC_ROOT_CLASS = YES_ERROR;
				CLANG_WARN_QUOTED_INCLUDE_IN_FRAMEWORK_HEADER = YES;
				CLANG_WARN_RANGE_LOOP_ANALYSIS = YES;
				CLANG_WARN_STRICT_PROTOTYPES = YES;
				CLANG_WARN_SUSPICIOUS_MOVE = YES;
				CLANG_WARN_UNGUARDED_AVAILABILITY = YES_AGGRESSIVE;
				CLANG_WARN_UNREACHABLE_CODE = YES;
				CLANG_WARN__DUPLICATE_METHOD_MATCH = YES;
				COPY_PHASE_STRIP = NO;
				DEBUG_INFORMATION_FORMAT = dwarf;
				ENABLE_STRICT_OBJC_MSGSEND = YES;
				ENABLE_TESTABILITY = YES;
				ENABLE_USER_SCRIPT_SANDBOXING = YES;
				GCC_C_LANGUAGE_STANDARD = gnu17;
				GCC_DYNAMIC_NO_PIC = NO;
				GCC_NO_COMMON_BLOCKS = YES;
				GCC_OPTIMIZATION_LEVEL = 0;
				GCC_PREPROCESSOR_DEFINITIONS = (
					"DEBUG=1",
					"$(inherited)",
				);
				GCC_WARN_64_TO_32_BIT_CONVERSION = YES;
				GCC_WARN_ABOUT_RETURN_TYPE = YES_ERROR;
				GCC_WARN_UNDECLARED_SELECTOR = YES;
				GCC_WARN_UNINITIALIZED_AUTOS = YES_AGGRESSIVE;
				GCC_WARN_UNUSED_FUNCTION = YES;
				GCC_WARN_UNUSED_VARIABLE = YES;
				IPHONEOS_DEPLOYMENT_TARGET = 17.4;
				LOCALIZATION_PREFERS_STRING_CATALOGS = YES;
				MTL_ENABLE_DEBUG_INFO = INCLUDE_SOURCE;
				MTL_FAST_MATH = YES;
				ONLY_ACTIVE_ARCH = YES;
				SDKROOT = iphoneos;
				SWIFT_ACTIVE_COMPILATION_CONDITIONS = "DEBUG $(inherited)";
				SWIFT_OPTIMIZATION_LEVEL = "-Onone";
			};
			name = Debug;
		};
		0D6FA4D02D10717200A5A263 /* Release */ = {
			isa = XCBuildConfiguration;
			buildSettings = {
				ALWAYS_SEARCH_USER_PATHS = NO;
				ASSETCATALOG_COMPILER_GENERATE_SWIFT_ASSET_SYMBOL_EXTENSIONS = YES;
				CLANG_ANALYZER_NONNULL = YES;
				CLANG_ANALYZER_NUMBER_OBJECT_CONVERSION = YES_AGGRESSIVE;
				CLANG_CXX_LANGUAGE_STANDARD = "gnu++20";
				CLANG_ENABLE_MODULES = YES;
				CLANG_ENABLE_OBJC_ARC = YES;
				CLANG_ENABLE_OBJC_WEAK = YES;
				CLANG_WARN_BLOCK_CAPTURE_AUTORELEASING = YES;
				CLANG_WARN_BOOL_CONVERSION = YES;
				CLANG_WARN_COMMA = YES;
				CLANG_WARN_CONSTANT_CONVERSION = YES;
				CLANG_WARN_DEPRECATED_OBJC_IMPLEMENTATIONS = YES;
				CLANG_WARN_DIRECT_OBJC_ISA_USAGE = YES_ERROR;
				CLANG_WARN_DOCUMENTATION_COMMENTS = YES;
				CLANG_WARN_EMPTY_BODY = YES;
				CLANG_WARN_ENUM_CONVERSION = YES;
				CLANG_WARN_INFINITE_RECURSION = YES;
				CLANG_WARN_INT_CONVERSION = YES;
				CLANG_WARN_NON_LITERAL_NULL_CONVERSION = YES;
				CLANG_WARN_OBJC_IMPLICIT_RETAIN_SELF = YES;
				CLANG_WARN_OBJC_LITERAL_CONVERSION = YES;
				CLANG_WARN_OBJC_ROOT_CLASS = YES_ERROR;
				CLANG_WARN_QUOTED_INCLUDE_IN_FRAMEWORK_HEADER = YES;
				CLANG_WARN_RANGE_LOOP_ANALYSIS = YES;
				CLANG_WARN_STRICT_PROTOTYPES = YES;
				CLANG_WARN_SUSPICIOUS_MOVE = YES;
				CLANG_WARN_UNGUARDED_AVAILABILITY = YES_AGGRESSIVE;
				CLANG_WARN_UNREACHABLE_CODE = YES;
				CLANG_WARN__DUPLICATE_METHOD_MATCH = YES;
				COPY_PHASE_STRIP = NO;
				DEBUG_INFORMATION_FORMAT = "dwarf-with-dsym";
				ENABLE_NS_ASSERTIONS = NO;
				ENABLE_STRICT_OBJC_MSGSEND = YES;
				ENABLE_USER_SCRIPT_SANDBOXING = YES;
				GCC_C_LANGUAGE_STANDARD = gnu17;
				GCC_NO_COMMON_BLOCKS = YES;
				GCC_WARN_64_TO_32_BIT_CONVERSION = YES;
				GCC_WARN_ABOUT_RETURN_TYPE = YES_ERROR;
				GCC_WARN_UNDECLARED_SELECTOR = YES;
				GCC_WARN_UNINITIALIZED_AUTOS = YES_AGGRESSIVE;
				GCC_WARN_UNUSED_FUNCTION = YES;
				GCC_WARN_UNUSED_VARIABLE = YES;
				IPHONEOS_DEPLOYMENT_TARGET = 17.4;
				LOCALIZATION_PREFERS_STRING_CATALOGS = YES;
				MTL_ENABLE_DEBUG_INFO = NO;
				MTL_FAST_MATH = YES;
				SDKROOT = iphoneos;
				SWIFT_COMPILATION_MODE = wholemodule;
				VALIDATE_PRODUCT = YES;
			};
			name = Release;
		};
		0D6FA4D22D10717200A5A263 /* Debug */ = {
			isa = XCBuildConfiguration;
			baseConfigurationReference = 148CCF055F619E43DC031FF9 /* Pods-RickAndMorty.debug.xcconfig */;
			buildSettings = {
				ASSETCATALOG_COMPILER_APPICON_NAME = AppIcon;
				ASSETCATALOG_COMPILER_GLOBAL_ACCENT_COLOR_NAME = AccentColor;
				CODE_SIGN_STYLE = Automatic;
				CURRENT_PROJECT_VERSION = 1;
				DEVELOPMENT_ASSET_PATHS = "\"RickAndMorty/Preview Content\"";
				DEVELOPMENT_TEAM = 827YQ2VQ9C;
				ENABLE_PREVIEWS = YES;
				GENERATE_INFOPLIST_FILE = YES;
				INFOPLIST_KEY_CFBundleDisplayName = "Rick And Morty";
				INFOPLIST_KEY_UIApplicationSceneManifest_Generation = YES;
				INFOPLIST_KEY_UIApplicationSupportsIndirectInputEvents = YES;
				INFOPLIST_KEY_UILaunchScreen_Generation = YES;
				INFOPLIST_KEY_UISupportedInterfaceOrientations_iPad = "UIInterfaceOrientationPortrait UIInterfaceOrientationPortraitUpsideDown UIInterfaceOrientationLandscapeLeft UIInterfaceOrientationLandscapeRight";
				INFOPLIST_KEY_UISupportedInterfaceOrientations_iPhone = "UIInterfaceOrientationPortrait UIInterfaceOrientationLandscapeLeft UIInterfaceOrientationLandscapeRight";
				LD_RUNPATH_SEARCH_PATHS = (
					"$(inherited)",
					"@executable_path/Frameworks",
				);
				MARKETING_VERSION = 1.0;
				PRODUCT_BUNDLE_IDENTIFIER = miabosheva.com.RickAndMorty;
				PRODUCT_NAME = "$(TARGET_NAME)";
				SWIFT_EMIT_LOC_STRINGS = YES;
				SWIFT_VERSION = 5.0;
				TARGETED_DEVICE_FAMILY = "1,2";
			};
			name = Debug;
		};
		0D6FA4D32D10717200A5A263 /* Release */ = {
			isa = XCBuildConfiguration;
			baseConfigurationReference = 8B8D3F5394CC2E2C6ADD3A68 /* Pods-RickAndMorty.release.xcconfig */;
			buildSettings = {
				ASSETCATALOG_COMPILER_APPICON_NAME = AppIcon;
				ASSETCATALOG_COMPILER_GLOBAL_ACCENT_COLOR_NAME = AccentColor;
				CODE_SIGN_STYLE = Automatic;
				CURRENT_PROJECT_VERSION = 1;
				DEVELOPMENT_ASSET_PATHS = "\"RickAndMorty/Preview Content\"";
				DEVELOPMENT_TEAM = 827YQ2VQ9C;
				ENABLE_PREVIEWS = YES;
				GENERATE_INFOPLIST_FILE = YES;
				INFOPLIST_KEY_CFBundleDisplayName = "Rick And Morty";
				INFOPLIST_KEY_UIApplicationSceneManifest_Generation = YES;
				INFOPLIST_KEY_UIApplicationSupportsIndirectInputEvents = YES;
				INFOPLIST_KEY_UILaunchScreen_Generation = YES;
				INFOPLIST_KEY_UISupportedInterfaceOrientations_iPad = "UIInterfaceOrientationPortrait UIInterfaceOrientationPortraitUpsideDown UIInterfaceOrientationLandscapeLeft UIInterfaceOrientationLandscapeRight";
				INFOPLIST_KEY_UISupportedInterfaceOrientations_iPhone = "UIInterfaceOrientationPortrait UIInterfaceOrientationLandscapeLeft UIInterfaceOrientationLandscapeRight";
				LD_RUNPATH_SEARCH_PATHS = (
					"$(inherited)",
					"@executable_path/Frameworks",
				);
				MARKETING_VERSION = 1.0;
				PRODUCT_BUNDLE_IDENTIFIER = miabosheva.com.RickAndMorty;
				PRODUCT_NAME = "$(TARGET_NAME)";
				SWIFT_EMIT_LOC_STRINGS = YES;
				SWIFT_VERSION = 5.0;
				TARGETED_DEVICE_FAMILY = "1,2";
			};
			name = Release;
		};
/* End XCBuildConfiguration section */

/* Begin XCConfigurationList section */
		0D6FA4BE2D10717100A5A263 /* Build configuration list for PBXProject "RickAndMorty" */ = {
			isa = XCConfigurationList;
			buildConfigurations = (
				0D6FA4CF2D10717200A5A263 /* Debug */,
				0D6FA4D02D10717200A5A263 /* Release */,
			);
			defaultConfigurationIsVisible = 0;
			defaultConfigurationName = Release;
		};
		0D6FA4D12D10717200A5A263 /* Build configuration list for PBXNativeTarget "RickAndMorty" */ = {
			isa = XCConfigurationList;
			buildConfigurations = (
				0D6FA4D22D10717200A5A263 /* Debug */,
				0D6FA4D32D10717200A5A263 /* Release */,
			);
			defaultConfigurationIsVisible = 0;
			defaultConfigurationName = Release;
		};
/* End XCConfigurationList section */

/* Begin XCRemoteSwiftPackageReference section */
		0D44B2402D15A5A800EAADAE /* XCRemoteSwiftPackageReference "swiftui-cached-async-image" */ = {
			isa = XCRemoteSwiftPackageReference;
			repositoryURL = "https://github.com/lorenzofiamingo/swiftui-cached-async-image";
			requirement = {
				kind = upToNextMajorVersion;
				minimumVersion = 2.1.1;
			};
		};
/* End XCRemoteSwiftPackageReference section */

/* Begin XCSwiftPackageProductDependency section */
		0D44B2412D15A5A800EAADAE /* CachedAsyncImage */ = {
			isa = XCSwiftPackageProductDependency;
			package = 0D44B2402D15A5A800EAADAE /* XCRemoteSwiftPackageReference "swiftui-cached-async-image" */;
			productName = CachedAsyncImage;
		};
/* End XCSwiftPackageProductDependency section */

/* Begin XCVersionGroup section */
		0D410C292D14581E00AFC0FB /* RickAndMorty.xcdatamodeld */ = {
			isa = XCVersionGroup;
			children = (
				0D410C2A2D14581E00AFC0FB /* RickAndMorty.xcdatamodel */,
			);
			currentVersion = 0D410C2A2D14581E00AFC0FB /* RickAndMorty.xcdatamodel */;
			name = RickAndMorty.xcdatamodeld;
			path = /Users/Mia/Desktop/RickAndMorty/RickAndMorty/Models/RickAndMorty.xcdatamodeld;
			sourceTree = "<group>";
			versionGroupType = wrapper.xcdatamodel;
		};
/* End XCVersionGroup section */
	};
	rootObject = 0D6FA4BB2D10717100A5A263 /* Project object */;
}
